
Microsoft Visual Studio Solution File, Format Version 9.00
# Visual Studio 2005
Project("{FAE04EC0-301F-11D3-BF4B-00C04F79EFBC}") = "CodeBreakerApplication", "CodeBreakerApplication\CodeBreakerApplication.csproj", "{BC5459A8-9F95-4156-A0D7-9580EE62E0B7}"
EndProject
Global
	GlobalSection(SolutionConfigurationPlatforms) = preSolution
		Debug|Any CPU = Debug|Any CPU
		Release|Any CPU = Release|Any CPU
	EndGlobalSection
	GlobalSection(ProjectConfigurationPlatforms) = postSolution
		{BC5459A8-9F95-4156-A0D7-9580EE62E0B7}.Debug|Any CPU.ActiveCfg = Debug|Any CPU
		{BC5459A8-9F95-4156-A0D7-9580EE62E0B7}.Debug|Any CPU.Build.0 = Debug|Any CPU
		{BC5459A8-9F95-4156-A0D7-9580EE62E0B7}.Release|Any CPU.ActiveCfg = Release|Any CPU
		{BC5459A8-9F95-4156-A0D7-9580EE62E0B7}.Release|Any CPU.Build.0 = Release|Any CPU
	EndGlobalSection
	GlobalSection(SolutionProperties) = preSolution
		HideSolutionNode = FALSE
	EndGlobalSection
EndGlobal
